
Microsoft Visual Studio Solution File, Format Version 12.00
Project("{FAE04EC0-301F-11D3-BF4B-00C04F79EFBC}") = "iDyCoin.ContractIntegration", "iDyCoin.ContractIntegration\iDyCoin.ContractIntegration.csproj", "{13C2CF09-A35C-486B-84D1-E2B14A797FDF}"
EndProject
Global
	GlobalSection(SolutionConfigurationPlatforms) = preSolution
		Debug|Any CPU = Debug|Any CPU
		Release|Any CPU = Release|Any CPU
	EndGlobalSection
	GlobalSection(ProjectConfigurationPlatforms) = postSolution
		{13C2CF09-A35C-486B-84D1-E2B14A797FDF}.Debug|Any CPU.ActiveCfg = Debug|Any CPU
		{13C2CF09-A35C-486B-84D1-E2B14A797FDF}.Debug|Any CPU.Build.0 = Debug|Any CPU
		{13C2CF09-A35C-486B-84D1-E2B14A797FDF}.Release|Any CPU.ActiveCfg = Release|Any CPU
		{13C2CF09-A35C-486B-84D1-E2B14A797FDF}.Release|Any CPU.Build.0 = Release|Any CPU
	EndGlobalSection
EndGlobal
